
Microsoft Visual Studio Solution File, Format Version 12.00
# Visual Studio Version 17
VisualStudioVersion = 17.8.34330.188
MinimumVisualStudioVersion = 10.0.40219.1
Project("{FAE04EC0-301F-11D3-BF4B-00C04F79EFBC}") = "DenemeSürümü1_04_10_24", "DenemeSürümü1_04_10_24\DenemeSürümü1_04_10_24.csproj", "{1F00DBF1-2AA1-410C-B5BD-648EFA67FCB0}"
EndProject
Global
	GlobalSection(SolutionConfigurationPlatforms) = preSolution
		Debug|Any CPU = Debug|Any CPU
		Release|Any CPU = Release|Any CPU
	EndGlobalSection
	GlobalSection(ProjectConfigurationPlatforms) = postSolution
		{1F00DBF1-2AA1-410C-B5BD-648EFA67FCB0}.Debug|Any CPU.ActiveCfg = Debug|Any CPU
		{1F00DBF1-2AA1-410C-B5BD-648EFA67FCB0}.Debug|Any CPU.Build.0 = Debug|Any CPU
		{1F00DBF1-2AA1-410C-B5BD-648EFA67FCB0}.Release|Any CPU.ActiveCfg = Release|Any CPU
		{1F00DBF1-2AA1-410C-B5BD-648EFA67FCB0}.Release|Any CPU.Build.0 = Release|Any CPU
	EndGlobalSection
	GlobalSection(SolutionProperties) = preSolution
		HideSolutionNode = FALSE
	EndGlobalSection
	GlobalSection(ExtensibilityGlobals) = postSolution
		SolutionGuid = {32041C00-6DBB-4671-A849-79AEDCA589E5}
	EndGlobalSection
EndGlobal
